
Microsoft Visual Studio Solution File, Format Version 12.00
# Visual Studio Version 17
VisualStudioVersion = 17.0.31903.59
MinimumVisualStudioVersion = 10.0.40219.1
Project("{2150E333-8FDC-42A3-9474-1A3956D46DE8}") = "src", "src", "{1805C21D-42D9-48D7-8A37-5D055C780A26}"
EndProject
Project("{F2A71F9B-5D33-465A-A702-920D77279786}") = "DayOne", "src\DayOne\DayOne.fsproj", "{C638D519-8B02-4694-A876-D6373760A9E7}"
EndProject
Global
	GlobalSection(SolutionConfigurationPlatforms) = preSolution
		Debug|Any CPU = Debug|Any CPU
		Release|Any CPU = Release|Any CPU
	EndGlobalSection
	GlobalSection(SolutionProperties) = preSolution
		HideSolutionNode = FALSE
	EndGlobalSection
	GlobalSection(ProjectConfigurationPlatforms) = postSolution
		{C638D519-8B02-4694-A876-D6373760A9E7}.Debug|Any CPU.ActiveCfg = Debug|Any CPU
		{C638D519-8B02-4694-A876-D6373760A9E7}.Debug|Any CPU.Build.0 = Debug|Any CPU
		{C638D519-8B02-4694-A876-D6373760A9E7}.Release|Any CPU.ActiveCfg = Release|Any CPU
		{C638D519-8B02-4694-A876-D6373760A9E7}.Release|Any CPU.Build.0 = Release|Any CPU
	EndGlobalSection
	GlobalSection(NestedProjects) = preSolution
		{C638D519-8B02-4694-A876-D6373760A9E7} = {1805C21D-42D9-48D7-8A37-5D055C780A26}
	EndGlobalSection
EndGlobal
